
Microsoft Visual Studio Solution File, Format Version 12.00
# Visual Studio 2013
VisualStudioVersion = 12.0.40629.0
MinimumVisualStudioVersion = 10.0.40219.1
Project("{FAE04EC0-301F-11D3-BF4B-00C04F79EFBC}") = "MVCStudentApplication", "MVCStudentApplication\MVCStudentApplication.csproj", "{CAC44E9B-1E6A-4AED-80A2-63844C20CC38}"
EndProject
Project("{FAE04EC0-301F-11D3-BF4B-00C04F79EFBC}") = "BE", "BE\BE.csproj", "{F77D633B-8C66-4A17-B9CF-C4271AEE491D}"
EndProject
Project("{FAE04EC0-301F-11D3-BF4B-00C04F79EFBC}") = "BAL", "BAL\BAL.csproj", "{28BD7F12-B4BD-4486-9BD6-E47E5C3024FB}"
EndProject
Project("{FAE04EC0-301F-11D3-BF4B-00C04F79EFBC}") = "DAL", "DAL\DAL.csproj", "{F2DCA21A-09A3-4D75-A1B2-4979EB8C98EC}"
EndProject
Project("{FAE04EC0-301F-11D3-BF4B-00C04F79EFBC}") = "Test_MVCStudentApplication", "Test_MVCStudentApplication\Test_MVCStudentApplication.csproj", "{94DFB15A-06D2-4B33-BBE2-09D5C764C0A9}"
EndProject
Global
	GlobalSection(TeamFoundationVersionControl) = preSolution
		SccNumberOfProjects = 6
		SccEnterpriseProvider = {4CA58AB2-18FA-4F8D-95D4-32DDF27D184C}
		SccTeamFoundationServer = https://mcdonalds.visualstudio.com/defaultcollection
		SccLocalPath0 = .
		SccProjectUniqueName1 = BAL\\BAL.csproj
		SccProjectName1 = BAL
		SccLocalPath1 = BAL
		SccProjectUniqueName2 = BE\\BE.csproj
		SccProjectName2 = BE
		SccLocalPath2 = BE
		SccProjectUniqueName3 = DAL\\DAL.csproj
		SccProjectName3 = DAL
		SccLocalPath3 = DAL
		SccProjectUniqueName4 = MVCStudentApplication\\MVCStudentApplication.csproj
		SccProjectName4 = MVCStudentApplication
		SccLocalPath4 = MVCStudentApplication
		SccProjectUniqueName5 = Test_MVCStudentApplication\\Test_MVCStudentApplication.csproj
		SccProjectName5 = Test_MVCStudentApplication
		SccLocalPath5 = Test_MVCStudentApplication
	EndGlobalSection
	GlobalSection(SolutionConfigurationPlatforms) = preSolution
		Debug|Any CPU = Debug|Any CPU
		Release|Any CPU = Release|Any CPU
	EndGlobalSection
	GlobalSection(ProjectConfigurationPlatforms) = postSolution
		{CAC44E9B-1E6A-4AED-80A2-63844C20CC38}.Debug|Any CPU.ActiveCfg = Debug|Any CPU
		{CAC44E9B-1E6A-4AED-80A2-63844C20CC38}.Debug|Any CPU.Build.0 = Debug|Any CPU
		{CAC44E9B-1E6A-4AED-80A2-63844C20CC38}.Release|Any CPU.ActiveCfg = Release|Any CPU
		{CAC44E9B-1E6A-4AED-80A2-63844C20CC38}.Release|Any CPU.Build.0 = Release|Any CPU
		{F77D633B-8C66-4A17-B9CF-C4271AEE491D}.Debug|Any CPU.ActiveCfg = Debug|Any CPU
		{F77D633B-8C66-4A17-B9CF-C4271AEE491D}.Debug|Any CPU.Build.0 = Debug|Any CPU
		{F77D633B-8C66-4A17-B9CF-C4271AEE491D}.Release|Any CPU.ActiveCfg = Release|Any CPU
		{F77D633B-8C66-4A17-B9CF-C4271AEE491D}.Release|Any CPU.Build.0 = Release|Any CPU
		{28BD7F12-B4BD-4486-9BD6-E47E5C3024FB}.Debug|Any CPU.ActiveCfg = Debug|Any CPU
		{28BD7F12-B4BD-4486-9BD6-E47E5C3024FB}.Debug|Any CPU.Build.0 = Debug|Any CPU
		{28BD7F12-B4BD-4486-9BD6-E47E5C3024FB}.Release|Any CPU.ActiveCfg = Release|Any CPU
		{28BD7F12-B4BD-4486-9BD6-E47E5C3024FB}.Release|Any CPU.Build.0 = Release|Any CPU
		{F2DCA21A-09A3-4D75-A1B2-4979EB8C98EC}.Debug|Any CPU.ActiveCfg = Debug|Any CPU
		{F2DCA21A-09A3-4D75-A1B2-4979EB8C98EC}.Debug|Any CPU.Build.0 = Debug|Any CPU
		{F2DCA21A-09A3-4D75-A1B2-4979EB8C98EC}.Release|Any CPU.ActiveCfg = Release|Any CPU
		{F2DCA21A-09A3-4D75-A1B2-4979EB8C98EC}.Release|Any CPU.Build.0 = Release|Any CPU
		{94DFB15A-06D2-4B33-BBE2-09D5C764C0A9}.Debug|Any CPU.ActiveCfg = Debug|Any CPU
		{94DFB15A-06D2-4B33-BBE2-09D5C764C0A9}.Debug|Any CPU.Build.0 = Debug|Any CPU
		{94DFB15A-06D2-4B33-BBE2-09D5C764C0A9}.Release|Any CPU.ActiveCfg = Release|Any CPU
		{94DFB15A-06D2-4B33-BBE2-09D5C764C0A9}.Release|Any CPU.Build.0 = Release|Any CPU
	EndGlobalSection
	GlobalSection(SolutionProperties) = preSolution
		HideSolutionNode = FALSE
	EndGlobalSection
EndGlobal
